Microsoft Visual Studio Solution File, Format Version 12.00
# Visual Studio Version 17
VisualStudioVersion = 17.5.2.0
MinimumVisualStudioVersion = 10.0.40219.1
Project("{FAE04EC0-301F-11D3-BF4B-00C04F79EFBC}") = "VirtualMemorySimulation", "VirtualMemorySimulation\VirtualMemorySimulation.csproj", "{5939DAE5-AFC1-2B30-CD63-E3AFD2A597B0}"
EndProject
Project("{FAE04EC0-301F-11D3-BF4B-00C04F79EFBC}") = "VirtualMemorySimulation.UI", "VirtualMemorySimulation.UI\VirtualMemorySimulation.UI.csproj", "{13364C11-B17A-4044-9D2E-4D896E644ACD}"
EndProject
Global
	GlobalSection(SolutionConfigurationPlatforms) = preSolution
		Debug|Any CPU = Debug|Any CPU
		Release|Any CPU = Release|Any CPU
	EndGlobalSection
	GlobalSection(ProjectConfigurationPlatforms) = postSolution
		{5939DAE5-AFC1-2B30-CD63-E3AFD2A597B0}.Debug|Any CPU.ActiveCfg = Debug|Any CPU
		{5939DAE5-AFC1-2B30-CD63-E3AFD2A597B0}.Debug|Any CPU.Build.0 = Debug|Any CPU
		{5939DAE5-AFC1-2B30-CD63-E3AFD2A597B0}.Release|Any CPU.ActiveCfg = Release|Any CPU
		{5939DAE5-AFC1-2B30-CD63-E3AFD2A597B0}.Release|Any CPU.Build.0 = Release|Any CPU
		{13364C11-B17A-4044-9D2E-4D896E644ACD}.Debug|Any CPU.ActiveCfg = Debug|Any CPU
		{13364C11-B17A-4044-9D2E-4D896E644ACD}.Debug|Any CPU.Build.0 = Debug|Any CPU
		{13364C11-B17A-4044-9D2E-4D896E644ACD}.Release|Any CPU.ActiveCfg = Release|Any CPU
		{13364C11-B17A-4044-9D2E-4D896E644ACD}.Release|Any CPU.Build.0 = Release|Any CPU
	EndGlobalSection
	GlobalSection(SolutionProperties) = preSolution
		HideSolutionNode = FALSE
	EndGlobalSection
	GlobalSection(ExtensibilityGlobals) = postSolution
		SolutionGuid = {CF2F065F-D34E-456C-A9EB-C56B916D5292}
	EndGlobalSection
EndGlobal
